PODS:
  - Amplify (1.29.3):
    - Amplify/Default (= 1.29.3)
  - Amplify/Default (1.29.3)
  - AmplifyPlugins/AWSCognitoAuthPlugin (1.29.3):
    - AWSAuthCore (~> 2.30.1)
    - AWSCognitoIdentityProvider (~> 2.30.1)
    - AWSCognitoIdentityProviderASF (~> 2.30.1)
    - AWSCore (~> 2.30.1)
    - AWSMobileClient (~> 2.30.1)
    - AWSPluginsCore (= 1.29.3)
  - AWSAuthCore (2.30.4):
    - AWSCore (= 2.30.4)
  - AWSCognitoIdentityProvider (2.30.4):
    - AWSCognitoIdentityProviderASF (= 2.30.4)
    - AWSCore (= 2.30.4)
  - AWSCognitoIdentityProviderASF (2.30.4):
    - AWSCore (= 2.30.4)
  - AWSCore (2.30.4)
  - AWSMobileClient (2.30.4):
    - AWSAuthCore (= 2.30.4)
    - AWSCognitoIdentityProvider (= 2.30.4)
    - AWSCognitoIdentityProviderASF (= 2.30.4)
    - AWSCore (= 2.30.4)
  - AWSPluginsCore (1.29.3):
    - Amplify (= 1.29.3)
    - AWSCore (~> 2.30.1)

DEPENDENCIES:
  - Amplify
  - AmplifyPlugins/AWSCognitoAuthPlugin

SPEC REPOS:
  trunk:
    - Amplify
    - AmplifyPlugins
    - AWSAuthCore
    - AWSCognitoIdentityProvider
    - AWSCognitoIdentityProviderASF
    - AWSCore
    - AWSMobileClient
    - AWSPluginsCore

SPEC CHECKSUMS:
  Amplify: e5b6bd8f5229d43abe147bc7390d7dce3007acea
  AmplifyPlugins: da16305d9b3b76d20c10517c815082eed0589a8e
  AWSAuthCore: 42e2d4927d94e5e323b63b2ae885f287c51b5889
  AWSCognitoIdentityProvider: 2331f5f4c8c1775c6a228bb2dae2d353198401e8
  AWSCognitoIdentityProviderASF: d905c2acab3d2e7016b643d53ba553d5217fa929
  AWSCore: 19b8233fe2d0ed3ccf5cff833a615814282cdc90
  AWSMobileClient: 7d9c81e47ef27c6b5604858477006548eb1db342
  AWSPluginsCore: 1641b073b60fc2f6067f53402402ea57f84d8e0d

PODFILE CHECKSUM: 07befbf44053f52414ce77efddb38315af2fb1fa

COCOAPODS: 1.11.3
