// !$*UTF8*$!
{
	archiveVersion = 1;
	classes = {
	};
	objectVersion = 56;
	objects = {

/* Begin PBXBuildFile section */
		07AE2F4EC3C2405413B01151 /* SaleBanner.swift in Sources */ = {isa = PBXBuildFile; fileRef = E94DCE19044280EABAE89AB9 /* SaleBanner.swift */; };
		11ADCAE48F237095D39CCAF1 /* SettingsMenu.swift in Sources */ = {isa = PBXBuildFile; fileRef = 4542305C51B86B86CE9D8AE5 /* SettingsMenu.swift */; };
		2612DE8BE781438819616FBA /* Booking.swift in Sources */ = {isa = PBXBuildFile; fileRef = C47B844A139E7063FDB2B284 /* Booking.swift */; };
		278325D73F17C4901D10F037 /* Partner+Schema.swift in Sources */ = {isa = PBXBuildFile; fileRef = 875E23E05AD131C4627CD7D3 /* Partner+Schema.swift */; };
		2B7C7013446F8C30A6D23DD8 /* AmplifyModels.swift in Sources */ = {isa = PBXBuildFile; fileRef = D78FAB5F940D99E5FFB65086 /* AmplifyModels.swift */; };
		8016EE58920DDD3908D4A915 /* USPSpec+Schema.swift in Sources */ = {isa = PBXBuildFile; fileRef = 21233BB9FE9880C87FA2B987 /* USPSpec+Schema.swift */; };
		83B46F7BA2D481E3DCC7E908 /* Partner.swift in Sources */ = {isa = PBXBuildFile; fileRef = EED836E178B1AD17A1F1426F /* Partner.swift */; };
		AB623BB6FCA23864AABE83A9 /* Pods_CTAmplify.framework in Frameworks */ = {isa = PBXBuildFile; fileRef = 2065C154675BD6ABCCBCD255 /* Pods_CTAmplify.framework */; };
		AF1F904829FA90A700CC401D /* AppDelegate.swift in Sources */ = {isa = PBXBuildFile; fileRef = AF1F904729FA90A700CC401D /* AppDelegate.swift */; };
		AF1F904B29FA915B00CC401D /* awsconfiguration.json in Resources */ = {isa = PBXBuildFile; fileRef = AF1F904929FA915B00CC401D /* awsconfiguration.json */; };
		AF1F904C29FA915B00CC401D /* amplifyconfiguration.json in Resources */ = {isa = PBXBuildFile; fileRef = AF1F904A29FA915B00CC401D /* amplifyconfiguration.json */; };
		AF1F904E29FA959300CC401D /* SignUpView.swift in Sources */ = {isa = PBXBuildFile; fileRef = AF1F904D29FA959300CC401D /* SignUpView.swift */; };
		AF1F905029FA980B00CC401D /* CTButton.swift in Sources */ = {isa = PBXBuildFile; fileRef = AF1F904F29FA980B00CC401D /* CTButton.swift */; };
		AF1F905229FA9BD600CC401D /* AuthService.swift in Sources */ = {isa = PBXBuildFile; fileRef = AF1F905129FA9BD600CC401D /* AuthService.swift */; };
		AF1F905B29FAD83300CC401D /* AddBookingView.swift in Sources */ = {isa = PBXBuildFile; fileRef = AF1F905A29FAD83300CC401D /* AddBookingView.swift */; };
		AF1F906229FAD9BE00CC401D /* amplifyconfiguration.json in Resources */ = {isa = PBXBuildFile; fileRef = AF1F906129FAD9BE00CC401D /* amplifyconfiguration.json */; };
		AF1F906429FADA0600CC401D /* BookingService.swift in Sources */ = {isa = PBXBuildFile; fileRef = AF1F906329FADA0600CC401D /* BookingService.swift */; };
		AF1F906629FAE23300CC401D /* MyBookingsView.swift in Sources */ = {isa = PBXBuildFile; fileRef = AF1F906529FAE23300CC401D /* MyBookingsView.swift */; };
		AF2D0EBE29FA7AFC0061FD11 /* CTAmplifyApp.swift in Sources */ = {isa = PBXBuildFile; fileRef = AF2D0EBD29FA7AFC0061FD11 /* CTAmplifyApp.swift */; };
		AF2D0EC029FA7AFC0061FD11 /* ContentView.swift in Sources */ = {isa = PBXBuildFile; fileRef = AF2D0EBF29FA7AFC0061FD11 /* ContentView.swift */; };
		AF2D0EC229FA7AFD0061FD11 /* Assets.xcassets in Resources */ = {isa = PBXBuildFile; fileRef = AF2D0EC129FA7AFD0061FD11 /* Assets.xcassets */; };
		AF2D0EC529FA7AFD0061FD11 /* Preview Assets.xcassets in Resources */ = {isa = PBXBuildFile; fileRef = AF2D0EC429FA7AFD0061FD11 /* Preview Assets.xcassets */; };
		B3CAA359F19488DCDE47D0BC /* amplifyconfiguration.json in Resources */ = {isa = PBXBuildFile; fileRef = 06ABA395948176577DAA0F11 /* amplifyconfiguration.json */; };
		CDA839483DC2E21856C89047 /* SettingsMenu+Schema.swift in Sources */ = {isa = PBXBuildFile; fileRef = 48DFE2C5698681B3A67C9F5E /* SettingsMenu+Schema.swift */; };
		D69F905C43467B95FDC3EB75 /* Booking+Schema.swift in Sources */ = {isa = PBXBuildFile; fileRef = C827831ABBDF6F0577613C75 /* Booking+Schema.swift */; };
		DCC7689FE00585ABCFD6AD37 /* SupplierBenefitCode+Schema.swift in Sources */ = {isa = PBXBuildFile; fileRef = F58E768CDD5C8DC87232A9CC /* SupplierBenefitCode+Schema.swift */; };
		E2702B51F8FA03F0175963E9 /* SupplierBenefitCode.swift in Sources */ = {isa = PBXBuildFile; fileRef = 112115E5E328C3D9A2C0FC0B /* SupplierBenefitCode.swift */; };
		F7010E01CB957DD5F5D839C1 /* USPSpec.swift in Sources */ = {isa = PBXBuildFile; fileRef = 2CE70DAC252C14686A9E1DE1 /* USPSpec.swift */; };
		F79C6014B3A5699D2C05A286 /* awsconfiguration.json in Resources */ = {isa = PBXBuildFile; fileRef = B6CF9A0D60ECFFA476BD48D6 /* awsconfiguration.json */; };
		FF0070ECDE23D1FAC3A5CE39 /* SaleBanner+Schema.swift in Sources */ = {isa = PBXBuildFile; fileRef = DF5CA654827A99A0BA31261A /* SaleBanner+Schema.swift */; };
/* End PBXBuildFile section */

/* Begin PBXFileReference section */
		06ABA395948176577DAA0F11 /* amplifyconfiguration.json */ = {isa = PBXFileReference; explicitFileType = text.json; path = amplifyconfiguration.json; sourceTree = "<group>"; };
		112115E5E328C3D9A2C0FC0B /* SupplierBenefitCode.swift */ = {isa = PBXFileReference; explicitFileType = sourcecode.swift; lastKnownFileType = sourcecode.swift; name = SupplierBenefitCode.swift; path = amplify/generated/models/SupplierBenefitCode.swift; sourceTree = "<group>"; };
		2065C154675BD6ABCCBCD255 /* Pods_CTAmplify.framework */ = {isa = PBXFileReference; explicitFileType = wrapper.framework; includeInIndex = 0; path = Pods_CTAmplify.framework; sourceTree = BUILT_PRODUCTS_DIR; };
		21233BB9FE9880C87FA2B987 /* USPSpec+Schema.swift */ = {isa = PBXFileReference; explicitFileType = sourcecode.swift; lastKnownFileType = sourcecode.swift; name = "USPSpec+Schema.swift"; path = "amplify/generated/models/USPSpec+Schema.swift"; sourceTree = "<group>"; };
		2CE70DAC252C14686A9E1DE1 /* USPSpec.swift */ = {isa = PBXFileReference; explicitFileType = sourcecode.swift; lastKnownFileType = sourcecode.swift; name = USPSpec.swift; path = amplify/generated/models/USPSpec.swift; sourceTree = "<group>"; };
		4542305C51B86B86CE9D8AE5 /* SettingsMenu.swift */ = {isa = PBXFileReference; explicitFileType = sourcecode.swift; lastKnownFileType = sourcecode.swift; name = SettingsMenu.swift; path = amplify/generated/models/SettingsMenu.swift; sourceTree = "<group>"; };
		48DFE2C5698681B3A67C9F5E /* SettingsMenu+Schema.swift */ = {isa = PBXFileReference; explicitFileType = sourcecode.swift; lastKnownFileType = sourcecode.swift; name = "SettingsMenu+Schema.swift"; path = "amplify/generated/models/SettingsMenu+Schema.swift"; sourceTree = "<group>"; };
		580F7E6DF5DAE825C133D18D /* Pods-CTAmplify.debug.xcconfig */ = {isa = PBXFileReference; includeInIndex = 1; lastKnownFileType = text.xcconfig; name = "Pods-CTAmplify.debug.xcconfig"; path = "Target Support Files/Pods-CTAmplify/Pods-CTAmplify.debug.xcconfig"; sourceTree = "<group>"; };
		875E23E05AD131C4627CD7D3 /* Partner+Schema.swift */ = {isa = PBXFileReference; explicitFileType = sourcecode.swift; lastKnownFileType = sourcecode.swift; name = "Partner+Schema.swift"; path = "amplify/generated/models/Partner+Schema.swift"; sourceTree = "<group>"; };
		AF1F904729FA90A700CC401D /* AppDelegate.swift */ = {isa = PBXFileReference; lastKnownFileType = sourcecode.swift; path = AppDelegate.swift; sourceTree = "<group>"; };
		AF1F904929FA915B00CC401D /* awsconfiguration.json */ = {isa = PBXFileReference; fileEncoding = 4; lastKnownFileType = text.json; path = awsconfiguration.json; sourceTree = SOURCE_ROOT; };
		AF1F904A29FA915B00CC401D /* amplifyconfiguration.json */ = {isa = PBXFileReference; fileEncoding = 4; lastKnownFileType = text.json; path = amplifyconfiguration.json; sourceTree = SOURCE_ROOT; };
		AF1F904D29FA959300CC401D /* SignUpView.swift */ = {isa = PBXFileReference; lastKnownFileType = sourcecode.swift; path = SignUpView.swift; sourceTree = "<group>"; };
		AF1F904F29FA980B00CC401D /* CTButton.swift */ = {isa = PBXFileReference; lastKnownFileType = sourcecode.swift; path = CTButton.swift; sourceTree = "<group>"; };
		AF1F905129FA9BD600CC401D /* AuthService.swift */ = {isa = PBXFileReference; lastKnownFileType = sourcecode.swift; path = AuthService.swift; sourceTree = "<group>"; };
		AF1F905A29FAD83300CC401D /* AddBookingView.swift */ = {isa = PBXFileReference; lastKnownFileType = sourcecode.swift; path = AddBookingView.swift; sourceTree = "<group>"; };
		AF1F906129FAD9BE00CC401D /* amplifyconfiguration.json */ = {isa = PBXFileReference; fileEncoding = 4; lastKnownFileType = text.json; path = amplifyconfiguration.json; sourceTree = SOURCE_ROOT; };
		AF1F906329FADA0600CC401D /* BookingService.swift */ = {isa = PBXFileReference; lastKnownFileType = sourcecode.swift; path = BookingService.swift; sourceTree = "<group>"; };
		AF1F906529FAE23300CC401D /* MyBookingsView.swift */ = {isa = PBXFileReference; lastKnownFileType = sourcecode.swift; path = MyBookingsView.swift; sourceTree = "<group>"; };
		AF2D0EBA29FA7AFC0061FD11 /* CTAmplify.app */ = {isa = PBXFileReference; explicitFileType = wrapper.application; includeInIndex = 0; path = CTAmplify.app; sourceTree = BUILT_PRODUCTS_DIR; };
		AF2D0EBD29FA7AFC0061FD11 /* CTAmplifyApp.swift */ = {isa = PBXFileReference; lastKnownFileType = sourcecode.swift; path = CTAmplifyApp.swift; sourceTree = "<group>"; };
		AF2D0EBF29FA7AFC0061FD11 /* ContentView.swift */ = {isa = PBXFileReference; lastKnownFileType = sourcecode.swift; path = ContentView.swift; sourceTree = "<group>"; };
		AF2D0EC129FA7AFD0061FD11 /* Assets.xcassets */ = {isa = PBXFileReference; lastKnownFileType = folder.assetcatalog; path = Assets.xcassets; sourceTree = "<group>"; };
		AF2D0EC429FA7AFD0061FD11 /* Preview Assets.xcassets */ = {isa = PBXFileReference; lastKnownFileType = folder.assetcatalog; path = "Preview Assets.xcassets"; sourceTree = "<group>"; };
		B6CF9A0D60ECFFA476BD48D6 /* awsconfiguration.json */ = {isa = PBXFileReference; explicitFileType = text.json; path = awsconfiguration.json; sourceTree = "<group>"; };
		C47B844A139E7063FDB2B284 /* Booking.swift */ = {isa = PBXFileReference; explicitFileType = sourcecode.swift; lastKnownFileType = sourcecode.swift; name = Booking.swift; path = amplify/generated/models/Booking.swift; sourceTree = "<group>"; };
		C7C12693CE319859B4DB8D7B /* Pods-CTAmplify.release.xcconfig */ = {isa = PBXFileReference; includeInIndex = 1; lastKnownFileType = text.xcconfig; name = "Pods-CTAmplify.release.xcconfig"; path = "Target Support Files/Pods-CTAmplify/Pods-CTAmplify.release.xcconfig"; sourceTree = "<group>"; };
		C827831ABBDF6F0577613C75 /* Booking+Schema.swift */ = {isa = PBXFileReference; explicitFileType = sourcecode.swift; lastKnownFileType = sourcecode.swift; name = "Booking+Schema.swift"; path = "amplify/generated/models/Booking+Schema.swift"; sourceTree = "<group>"; };
		D78FAB5F940D99E5FFB65086 /* AmplifyModels.swift */ = {isa = PBXFileReference; explicitFileType = sourcecode.swift; lastKnownFileType = sourcecode.swift; name = AmplifyModels.swift; path = amplify/generated/models/AmplifyModels.swift; sourceTree = "<group>"; };
		DF5CA654827A99A0BA31261A /* SaleBanner+Schema.swift */ = {isa = PBXFileReference; explicitFileType = sourcecode.swift; lastKnownFileType = sourcecode.swift; name = "SaleBanner+Schema.swift"; path = "amplify/generated/models/SaleBanner+Schema.swift"; sourceTree = "<group>"; };
		E94DCE19044280EABAE89AB9 /* SaleBanner.swift */ = {isa = PBXFileReference; explicitFileType = sourcecode.swift; lastKnownFileType = sourcecode.swift; name = SaleBanner.swift; path = amplify/generated/models/SaleBanner.swift; sourceTree = "<group>"; };
		EED836E178B1AD17A1F1426F /* Partner.swift */ = {isa = PBXFileReference; explicitFileType = sourcecode.swift; lastKnownFileType = sourcecode.swift; name = Partner.swift; path = amplify/generated/models/Partner.swift; sourceTree = "<group>"; };
		F58E768CDD5C8DC87232A9CC /* SupplierBenefitCode+Schema.swift */ = {isa = PBXFileReference; explicitFileType = sourcecode.swift; lastKnownFileType = sourcecode.swift; name = "SupplierBenefitCode+Schema.swift"; path = "amplify/generated/models/SupplierBenefitCode+Schema.swift"; sourceTree = "<group>"; };
/* End PBXFileReference section */

/* Begin PBXFrameworksBuildPhase section */
		AF2D0EB729FA7AFC0061FD11 /* Frameworks */ = {
			isa = PBXFrameworksBuildPhase;
			buildActionMask = 2147483647;
			files = (
				AB623BB6FCA23864AABE83A9 /* Pods_CTAmplify.framework in Frameworks */,
			);
			runOnlyForDeploymentPostprocessing = 0;
		};
/* End PBXFrameworksBuildPhase section */

/* Begin PBXGroup section */
		79DCF462715E418782F7CF92 /* Pods */ = {
			isa = PBXGroup;
			children = (
				580F7E6DF5DAE825C133D18D /* Pods-CTAmplify.debug.xcconfig */,
				C7C12693CE319859B4DB8D7B /* Pods-CTAmplify.release.xcconfig */,
			);
			path = Pods;
			sourceTree = "<group>";
		};
		913C8AECAD2F96029EBB31C8 /* Frameworks */ = {
			isa = PBXGroup;
			children = (
				2065C154675BD6ABCCBCD255 /* Pods_CTAmplify.framework */,
			);
			name = Frameworks;
			sourceTree = "<group>";
		};
		A81FB1E2F449DEC8A07B1564 /* AmplifyConfig */ = {
			isa = PBXGroup;
			children = (
				B6CF9A0D60ECFFA476BD48D6 /* awsconfiguration.json */,
				06ABA395948176577DAA0F11 /* amplifyconfiguration.json */,
				AF1F904A29FA915B00CC401D /* amplifyconfiguration.json */,
				AF1F904929FA915B00CC401D /* awsconfiguration.json */,
			);
			name = AmplifyConfig;
			sourceTree = "<group>";
		};
		AF1F905329FAD30200CC401D /* Models */ = {
			isa = PBXGroup;
			children = (
			);
			name = Models;
			sourceTree = "<group>";
		};
		AF1F905E29FAD98000CC401D /* Services */ = {
			isa = PBXGroup;
			children = (
				AF1F905129FA9BD600CC401D /* AuthService.swift */,
				AF1F906329FADA0600CC401D /* BookingService.swift */,
			);
			path = Services;
			sourceTree = "<group>";
		};
		AF1F905F29FAD98D00CC401D /* Views */ = {
			isa = PBXGroup;
			children = (
				AF1F905A29FAD83300CC401D /* AddBookingView.swift */,
				AF2D0EBF29FA7AFC0061FD11 /* ContentView.swift */,
				AF1F904D29FA959300CC401D /* SignUpView.swift */,
				AF1F906529FAE23300CC401D /* MyBookingsView.swift */,
			);
			name = Views;
			sourceTree = "<group>";
		};
		AF1F906029FAD99F00CC401D /* Components */ = {
			isa = PBXGroup;
			children = (
				AF1F904F29FA980B00CC401D /* CTButton.swift */,
			);
			name = Components;
			sourceTree = "<group>";
		};
		AF2D0EB129FA7AFB0061FD11 = {
			isa = PBXGroup;
			children = (
				AF2D0EBC29FA7AFC0061FD11 /* CTAmplify */,
				AF2D0EBB29FA7AFC0061FD11 /* Products */,
				79DCF462715E418782F7CF92 /* Pods */,
				913C8AECAD2F96029EBB31C8 /* Frameworks */,
				A81FB1E2F449DEC8A07B1564 /* AmplifyConfig */,
				CD01B5459E76FA9D2DAAB8B9 /* AmplifyModels */,
			);
			sourceTree = "<group>";
		};
		AF2D0EBB29FA7AFC0061FD11 /* Products */ = {
			isa = PBXGroup;
			children = (
				AF2D0EBA29FA7AFC0061FD11 /* CTAmplify.app */,
			);
			name = Products;
			sourceTree = "<group>";
		};
		AF2D0EBC29FA7AFC0061FD11 /* CTAmplify */ = {
			isa = PBXGroup;
			children = (
				AF1F906029FAD99F00CC401D /* Components */,
				AF1F905F29FAD98D00CC401D /* Views */,
				AF1F905E29FAD98000CC401D /* Services */,
				AF1F905329FAD30200CC401D /* Models */,
				AF1F906129FAD9BE00CC401D /* amplifyconfiguration.json */,
				AF2D0EBD29FA7AFC0061FD11 /* CTAmplifyApp.swift */,
				AF1F904729FA90A700CC401D /* AppDelegate.swift */,
				AF2D0EC129FA7AFD0061FD11 /* Assets.xcassets */,
				AF2D0EC329FA7AFD0061FD11 /* Preview Content */,
			);
			path = CTAmplify;
			sourceTree = "<group>";
		};
		AF2D0EC329FA7AFD0061FD11 /* Preview Content */ = {
			isa = PBXGroup;
			children = (
				AF2D0EC429FA7AFD0061FD11 /* Preview Assets.xcassets */,
			);
			path = "Preview Content";
			sourceTree = "<group>";
		};
		CD01B5459E76FA9D2DAAB8B9 /* AmplifyModels */ = {
			isa = PBXGroup;
			children = (
				D78FAB5F940D99E5FFB65086 /* AmplifyModels.swift */,
				C827831ABBDF6F0577613C75 /* Booking+Schema.swift */,
				C47B844A139E7063FDB2B284 /* Booking.swift */,
				875E23E05AD131C4627CD7D3 /* Partner+Schema.swift */,
				EED836E178B1AD17A1F1426F /* Partner.swift */,
				DF5CA654827A99A0BA31261A /* SaleBanner+Schema.swift */,
				E94DCE19044280EABAE89AB9 /* SaleBanner.swift */,
				48DFE2C5698681B3A67C9F5E /* SettingsMenu+Schema.swift */,
				4542305C51B86B86CE9D8AE5 /* SettingsMenu.swift */,
				F58E768CDD5C8DC87232A9CC /* SupplierBenefitCode+Schema.swift */,
				112115E5E328C3D9A2C0FC0B /* SupplierBenefitCode.swift */,
				21233BB9FE9880C87FA2B987 /* USPSpec+Schema.swift */,
				2CE70DAC252C14686A9E1DE1 /* USPSpec.swift */,
			);
			name = AmplifyModels;
			sourceTree = "<group>";
		};
/* End PBXGroup section */

/* Begin PBXNativeTarget section */
		AF2D0EB929FA7AFC0061FD11 /* CTAmplify */ = {
			isa = PBXNativeTarget;
			buildConfigurationList = AF2D0EC829FA7AFD0061FD11 /* Build configuration list for PBXNativeTarget "CTAmplify" */;
			buildPhases = (
				BBFCAC3906F8D1511140A82D /* [CP] Check Pods Manifest.lock */,
				AF2D0EB629FA7AFC0061FD11 /* Sources */,
				AF2D0EB729FA7AFC0061FD11 /* Frameworks */,
				AF2D0EB829FA7AFC0061FD11 /* Resources */,
				4AAFF7D37AC2835D5083B9AF /* [CP] Embed Pods Frameworks */,
			);
			buildRules = (
			);
			dependencies = (
			);
			name = CTAmplify;
			productName = CTAmplify;
			productReference = AF2D0EBA29FA7AFC0061FD11 /* CTAmplify.app */;
			productType = "com.apple.product-type.application";
		};
/* End PBXNativeTarget section */

/* Begin PBXProject section */
		AF2D0EB229FA7AFC0061FD11 /* Project object */ = {
			isa = PBXProject;
			attributes = {
				BuildIndependentTargetsInParallel = 1;
				LastSwiftUpdateCheck = 1420;
				LastUpgradeCheck = 1420;
				TargetAttributes = {
					AF2D0EB929FA7AFC0061FD11 = {
						CreatedOnToolsVersion = 14.2;
					};
				};
			};
			buildConfigurationList = AF2D0EB529FA7AFC0061FD11 /* Build configuration list for PBXProject "CTAmplify" */;
			compatibilityVersion = "Xcode 14.0";
			developmentRegion = en;
			hasScannedForEncodings = 0;
			knownRegions = (
				en,
				Base,
			);
			mainGroup = AF2D0EB129FA7AFB0061FD11;
			productRefGroup = AF2D0EBB29FA7AFC0061FD11 /* Products */;
			projectDirPath = "";
			projectRoot = "";
			targets = (
				AF2D0EB929FA7AFC0061FD11 /* CTAmplify */,
			);
		};
/* End PBXProject section */

/* Begin PBXResourcesBuildPhase section */
		AF2D0EB829FA7AFC0061FD11 /* Resources */ = {
			isa = PBXResourcesBuildPhase;
			buildActionMask = 2147483647;
			files = (
				AF1F904B29FA915B00CC401D /* awsconfiguration.json in Resources */,
				AF1F904C29FA915B00CC401D /* amplifyconfiguration.json in Resources */,
				AF2D0EC529FA7AFD0061FD11 /* Preview Assets.xcassets in Resources */,
				AF1F906229FAD9BE00CC401D /* amplifyconfiguration.json in Resources */,
				AF2D0EC229FA7AFD0061FD11 /* Assets.xcassets in Resources */,
				F79C6014B3A5699D2C05A286 /* awsconfiguration.json in Resources */,
				B3CAA359F19488DCDE47D0BC /* amplifyconfiguration.json in Resources */,
			);
			runOnlyForDeploymentPostprocessing = 0;
		};
/* End PBXResourcesBuildPhase section */

/* Begin PBXShellScriptBuildPhase section */
		4AAFF7D37AC2835D5083B9AF /* [CP] Embed Pods Frameworks */ = {
			isa = PBXShellScriptBuildPhase;
			buildActionMask = 2147483647;
			files = (
			);
			inputFileListPaths = (
				"${PODS_ROOT}/Target Support Files/Pods-CTAmplify/Pods-CTAmplify-frameworks-${CONFIGURATION}-input-files.xcfilelist",
			);
			inputPaths = (
			);
			name = "[CP] Embed Pods Frameworks";
			outputFileListPaths = (
				"${PODS_ROOT}/Target Support Files/Pods-CTAmplify/Pods-CTAmplify-frameworks-${CONFIGURATION}-output-files.xcfilelist",
			);
			outputPaths = (
			);
			runOnlyForDeploymentPostprocessing = 0;
			shellPath = /bin/sh;
			shellScript = "\"${PODS_ROOT}/Target Support Files/Pods-CTAmplify/Pods-CTAmplify-frameworks.sh\"\n";
			showEnvVarsInLog = 0;
		};
		BBFCAC3906F8D1511140A82D /* [CP] Check Pods Manifest.lock */ = {
			isa = PBXShellScriptBuildPhase;
			buildActionMask = 2147483647;
			files = (
			);
			inputFileListPaths = (
			);
			inputPaths = (
				"${PODS_PODFILE_DIR_PATH}/Podfile.lock",
				"${PODS_ROOT}/Manifest.lock",
			);
			name = "[CP] Check Pods Manifest.lock";
			outputFileListPaths = (
			);
			outputPaths = (
				"$(DERIVED_FILE_DIR)/Pods-CTAmplify-checkManifestLockResult.txt",
			);
			runOnlyForDeploymentPostprocessing = 0;
			shellPath = /bin/sh;
			shellScript = "diff \"${PODS_PODFILE_DIR_PATH}/Podfile.lock\" \"${PODS_ROOT}/Manifest.lock\" > /dev/null\nif [ $? != 0 ] ; then\n    # print error to STDERR\n    echo \"error: The sandbox is not in sync with the Podfile.lock. Run 'pod install' or update your CocoaPods installation.\" >&2\n    exit 1\nfi\n# This output is used by Xcode 'outputs' to avoid re-running this script phase.\necho \"SUCCESS\" > \"${SCRIPT_OUTPUT_FILE_0}\"\n";
			showEnvVarsInLog = 0;
		};
/* End PBXShellScriptBuildPhase section */

/* Begin PBXSourcesBuildPhase section */
		AF2D0EB629FA7AFC0061FD11 /* Sources */ = {
			isa = PBXSourcesBuildPhase;
			buildActionMask = 2147483647;
			files = (
				AF1F904E29FA959300CC401D /* SignUpView.swift in Sources */,
				AF1F905B29FAD83300CC401D /* AddBookingView.swift in Sources */,
				AF1F905029FA980B00CC401D /* CTButton.swift in Sources */,
				AF1F906429FADA0600CC401D /* BookingService.swift in Sources */,
				AF1F904829FA90A700CC401D /* AppDelegate.swift in Sources */,
				AF1F905229FA9BD600CC401D /* AuthService.swift in Sources */,
				AF2D0EC029FA7AFC0061FD11 /* ContentView.swift in Sources */,
				AF2D0EBE29FA7AFC0061FD11 /* CTAmplifyApp.swift in Sources */,
				AF1F906629FAE23300CC401D /* MyBookingsView.swift in Sources */,
				2B7C7013446F8C30A6D23DD8 /* AmplifyModels.swift in Sources */,
				D69F905C43467B95FDC3EB75 /* Booking+Schema.swift in Sources */,
				2612DE8BE781438819616FBA /* Booking.swift in Sources */,
				278325D73F17C4901D10F037 /* Partner+Schema.swift in Sources */,
				83B46F7BA2D481E3DCC7E908 /* Partner.swift in Sources */,
				FF0070ECDE23D1FAC3A5CE39 /* SaleBanner+Schema.swift in Sources */,
				07AE2F4EC3C2405413B01151 /* SaleBanner.swift in Sources */,
				CDA839483DC2E21856C89047 /* SettingsMenu+Schema.swift in Sources */,
				11ADCAE48F237095D39CCAF1 /* SettingsMenu.swift in Sources */,
				DCC7689FE00585ABCFD6AD37 /* SupplierBenefitCode+Schema.swift in Sources */,
				E2702B51F8FA03F0175963E9 /* SupplierBenefitCode.swift in Sources */,
				8016EE58920DDD3908D4A915 /* USPSpec+Schema.swift in Sources */,
				F7010E01CB957DD5F5D839C1 /* USPSpec.swift in Sources */,
			);
			runOnlyForDeploymentPostprocessing = 0;
		};
/* End PBXSourcesBuildPhase section */

/* Begin XCBuildConfiguration section */
		AF2D0EC629FA7AFD0061FD11 /* Debug */ = {
			isa = XCBuildConfiguration;
			buildSettings = {
				ALWAYS_SEARCH_USER_PATHS = NO;
				CLANG_ANALYZER_NONNULL = YES;
				CLANG_ANALYZER_NUMBER_OBJECT_CONVERSION = YES_AGGRESSIVE;
				CLANG_CXX_LANGUAGE_STANDARD = "gnu++20";
				CLANG_ENABLE_MODULES = YES;
				CLANG_ENABLE_OBJC_ARC = YES;
				CLANG_ENABLE_OBJC_WEAK = YES;
				CLANG_WARN_BLOCK_CAPTURE_AUTORELEASING = YES;
				CLANG_WARN_BOOL_CONVERSION = YES;
				CLANG_WARN_COMMA = YES;
				CLANG_WARN_CONSTANT_CONVERSION = YES;
				CLANG_WARN_DEPRECATED_OBJC_IMPLEMENTATIONS = YES;
				CLANG_WARN_DIRECT_OBJC_ISA_USAGE = YES_ERROR;
				CLANG_WARN_DOCUMENTATION_COMMENTS = YES;
				CLANG_WARN_EMPTY_BODY = YES;
				CLANG_WARN_ENUM_CONVERSION = YES;
				CLANG_WARN_INFINITE_RECURSION = YES;
				CLANG_WARN_INT_CONVERSION = YES;
				CLANG_WARN_NON_LITERAL_NULL_CONVERSION = YES;
				CLANG_WARN_OBJC_IMPLICIT_RETAIN_SELF = YES;
				CLANG_WARN_OBJC_LITERAL_CONVERSION = YES;
				CLANG_WARN_OBJC_ROOT_CLASS = YES_ERROR;
				CLANG_WARN_QUOTED_INCLUDE_IN_FRAMEWORK_HEADER = YES;
				CLANG_WARN_RANGE_LOOP_ANALYSIS = YES;
				CLANG_WARN_STRICT_PROTOTYPES = YES;
				CLANG_WARN_SUSPICIOUS_MOVE = YES;
				CLANG_WARN_UNGUARDED_AVAILABILITY = YES_AGGRESSIVE;
				CLANG_WARN_UNREACHABLE_CODE = YES;
				CLANG_WARN__DUPLICATE_METHOD_MATCH = YES;
				COPY_PHASE_STRIP = NO;
				DEBUG_INFORMATION_FORMAT = dwarf;
				ENABLE_STRICT_OBJC_MSGSEND = YES;
				ENABLE_TESTABILITY = YES;
				GCC_C_LANGUAGE_STANDARD = gnu11;
				GCC_DYNAMIC_NO_PIC = NO;
				GCC_NO_COMMON_BLOCKS = YES;
				GCC_OPTIMIZATION_LEVEL = 0;
				GCC_PREPROCESSOR_DEFINITIONS = (
					"DEBUG=1",
					"$(inherited)",
				);
				GCC_WARN_64_TO_32_BIT_CONVERSION = YES;
				GCC_WARN_ABOUT_RETURN_TYPE = YES_ERROR;
				GCC_WARN_UNDECLARED_SELECTOR = YES;
				GCC_WARN_UNINITIALIZED_AUTOS = YES_AGGRESSIVE;
				GCC_WARN_UNUSED_FUNCTION = YES;
				GCC_WARN_UNUSED_VARIABLE = YES;
				IPHONEOS_DEPLOYMENT_TARGET = 16.2;
				MTL_ENABLE_DEBUG_INFO = INCLUDE_SOURCE;
				MTL_FAST_MATH = YES;
				ONLY_ACTIVE_ARCH = YES;
				SDKROOT = iphoneos;
				SWIFT_ACTIVE_COMPILATION_CONDITIONS = DEBUG;
				SWIFT_OPTIMIZATION_LEVEL = "-Onone";
			};
			name = Debug;
		};
		AF2D0EC729FA7AFD0061FD11 /* Release */ = {
			isa = XCBuildConfiguration;
			buildSettings = {
				ALWAYS_SEARCH_USER_PATHS = NO;
				CLANG_ANALYZER_NONNULL = YES;
				CLANG_ANALYZER_NUMBER_OBJECT_CONVERSION = YES_AGGRESSIVE;
				CLANG_CXX_LANGUAGE_STANDARD = "gnu++20";
				CLANG_ENABLE_MODULES = YES;
				CLANG_ENABLE_OBJC_ARC = YES;
				CLANG_ENABLE_OBJC_WEAK = YES;
				CLANG_WARN_BLOCK_CAPTURE_AUTORELEASING = YES;
				CLANG_WARN_BOOL_CONVERSION = YES;
				CLANG_WARN_COMMA = YES;
				CLANG_WARN_CONSTANT_CONVERSION = YES;
				CLANG_WARN_DEPRECATED_OBJC_IMPLEMENTATIONS = YES;
				CLANG_WARN_DIRECT_OBJC_ISA_USAGE = YES_ERROR;
				CLANG_WARN_DOCUMENTATION_COMMENTS = YES;
				CLANG_WARN_EMPTY_BODY = YES;
				CLANG_WARN_ENUM_CONVERSION = YES;
				CLANG_WARN_INFINITE_RECURSION = YES;
				CLANG_WARN_INT_CONVERSION = YES;
				CLANG_WARN_NON_LITERAL_NULL_CONVERSION = YES;
				CLANG_WARN_OBJC_IMPLICIT_RETAIN_SELF = YES;
				CLANG_WARN_OBJC_LITERAL_CONVERSION = YES;
				CLANG_WARN_OBJC_ROOT_CLASS = YES_ERROR;
				CLANG_WARN_QUOTED_INCLUDE_IN_FRAMEWORK_HEADER = YES;
				CLANG_WARN_RANGE_LOOP_ANALYSIS = YES;
				CLANG_WARN_STRICT_PROTOTYPES = YES;
				CLANG_WARN_SUSPICIOUS_MOVE = YES;
				CLANG_WARN_UNGUARDED_AVAILABILITY = YES_AGGRESSIVE;
				CLANG_WARN_UNREACHABLE_CODE = YES;
				CLANG_WARN__DUPLICATE_METHOD_MATCH = YES;
				COPY_PHASE_STRIP = NO;
				DEBUG_INFORMATION_FORMAT = "dwarf-with-dsym";
				ENABLE_NS_ASSERTIONS = NO;
				ENABLE_STRICT_OBJC_MSGSEND = YES;
				GCC_C_LANGUAGE_STANDARD = gnu11;
				GCC_NO_COMMON_BLOCKS = YES;
				GCC_WARN_64_TO_32_BIT_CONVERSION = YES;
				GCC_WARN_ABOUT_RETURN_TYPE = YES_ERROR;
				GCC_WARN_UNDECLARED_SELECTOR = YES;
				GCC_WARN_UNINITIALIZED_AUTOS = YES_AGGRESSIVE;
				GCC_WARN_UNUSED_FUNCTION = YES;
				GCC_WARN_UNUSED_VARIABLE = YES;
				IPHONEOS_DEPLOYMENT_TARGET = 16.2;
				MTL_ENABLE_DEBUG_INFO = NO;
				MTL_FAST_MATH = YES;
				SDKROOT = iphoneos;
				SWIFT_COMPILATION_MODE = wholemodule;
				SWIFT_OPTIMIZATION_LEVEL = "-O";
				VALIDATE_PRODUCT = YES;
			};
			name = Release;
		};
		AF2D0EC929FA7AFD0061FD11 /* Debug */ = {
			isa = XCBuildConfiguration;
			baseConfigurationReference = 580F7E6DF5DAE825C133D18D /* Pods-CTAmplify.debug.xcconfig */;
			buildSettings = {
				ASSETCATALOG_COMPILER_APPICON_NAME = AppIcon;
				ASSETCATALOG_COMPILER_GLOBAL_ACCENT_COLOR_NAME = AccentColor;
				CODE_SIGN_STYLE = Automatic;
				CURRENT_PROJECT_VERSION = 1;
				DEVELOPMENT_ASSET_PATHS = "\"CTAmplify/Preview Content\"";
				DEVELOPMENT_TEAM = 3L8QU4R2JJ;
				ENABLE_PREVIEWS = YES;
				GENERATE_INFOPLIST_FILE = YES;
				INFOPLIST_KEY_UIApplicationSceneManifest_Generation = YES;
				INFOPLIST_KEY_UIApplicationSupportsIndirectInputEvents = YES;
				INFOPLIST_KEY_UILaunchScreen_Generation = YES;
				INFOPLIST_KEY_UISupportedInterfaceOrientations_iPad = "UIInterfaceOrientationPortrait UIInterfaceOrientationPortraitUpsideDown UIInterfaceOrientationLandscapeLeft UIInterfaceOrientationLandscapeRight";
				INFOPLIST_KEY_UISupportedInterfaceOrientations_iPhone = "UIInterfaceOrientationPortrait UIInterfaceOrientationLandscapeLeft UIInterfaceOrientationLandscapeRight";
				LD_RUNPATH_SEARCH_PATHS = (
					"$(inherited)",
					"@executable_path/Frameworks",
				);
				MARKETING_VERSION = 1.0;
				PRODUCT_BUNDLE_IDENTIFIER = com.cartrawler.CTAmplify;
				PRODUCT_NAME = "$(TARGET_NAME)";
				SWIFT_EMIT_LOC_STRINGS = YES;
				SWIFT_VERSION = 5.0;
				TARGETED_DEVICE_FAMILY = "1,2";
			};
			name = Debug;
		};
		AF2D0ECA29FA7AFD0061FD11 /* Release */ = {
			isa = XCBuildConfiguration;
			baseConfigurationReference = C7C12693CE319859B4DB8D7B /* Pods-CTAmplify.release.xcconfig */;
			buildSettings = {
				ASSETCATALOG_COMPILER_APPICON_NAME = AppIcon;
				ASSETCATALOG_COMPILER_GLOBAL_ACCENT_COLOR_NAME = AccentColor;
				CODE_SIGN_STYLE = Automatic;
				CURRENT_PROJECT_VERSION = 1;
				DEVELOPMENT_ASSET_PATHS = "\"CTAmplify/Preview Content\"";
				DEVELOPMENT_TEAM = 3L8QU4R2JJ;
				ENABLE_PREVIEWS = YES;
				GENERATE_INFOPLIST_FILE = YES;
				INFOPLIST_KEY_UIApplicationSceneManifest_Generation = YES;
				INFOPLIST_KEY_UIApplicationSupportsIndirectInputEvents = YES;
				INFOPLIST_KEY_UILaunchScreen_Generation = YES;
				INFOPLIST_KEY_UISupportedInterfaceOrientations_iPad = "UIInterfaceOrientationPortrait UIInterfaceOrientationPortraitUpsideDown UIInterfaceOrientationLandscapeLeft UIInterfaceOrientationLandscapeRight";
				INFOPLIST_KEY_UISupportedInterfaceOrientations_iPhone = "UIInterfaceOrientationPortrait UIInterfaceOrientationLandscapeLeft UIInterfaceOrientationLandscapeRight";
				LD_RUNPATH_SEARCH_PATHS = (
					"$(inherited)",
					"@executable_path/Frameworks",
				);
				MARKETING_VERSION = 1.0;
				PRODUCT_BUNDLE_IDENTIFIER = com.cartrawler.CTAmplify;
				PRODUCT_NAME = "$(TARGET_NAME)";
				SWIFT_EMIT_LOC_STRINGS = YES;
				SWIFT_VERSION = 5.0;
				TARGETED_DEVICE_FAMILY = "1,2";
			};
			name = Release;
		};
/* End XCBuildConfiguration section */

/* Begin XCConfigurationList section */
		AF2D0EB529FA7AFC0061FD11 /* Build configuration list for PBXProject "CTAmplify" */ = {
			isa = XCConfigurationList;
			buildConfigurations = (
				AF2D0EC629FA7AFD0061FD11 /* Debug */,
				AF2D0EC729FA7AFD0061FD11 /* Release */,
			);
			defaultConfigurationIsVisible = 0;
			defaultConfigurationName = Release;
		};
		AF2D0EC829FA7AFD0061FD11 /* Build configuration list for PBXNativeTarget "CTAmplify" */ = {
			isa = XCConfigurationList;
			buildConfigurations = (
				AF2D0EC929FA7AFD0061FD11 /* Debug */,
				AF2D0ECA29FA7AFD0061FD11 /* Release */,
			);
			defaultConfigurationIsVisible = 0;
			defaultConfigurationName = Release;
		};
/* End XCConfigurationList section */
	};
	rootObject = AF2D0EB229FA7AFC0061FD11 /* Project object */;
}
